// !$*UTF8*$!
{
	archiveVersion = 1;
	classes = {
	};
	objectVersion = 56;
	objects = {

/* Begin PBXBuildFile section */
		E10BDE682BAD4EF40089D240 /* AppDelegate.swift in Sources */ = {isa = PBXBuildFile; fileRef = E10BDE672BAD4EF40089D240 /* AppDelegate.swift */; };
		E10BDE6A2BAD4EF40089D240 /* SceneDelegate.swift in Sources */ = {isa = PBXBuildFile; fileRef = E10BDE692BAD4EF40089D240 /* SceneDelegate.swift */; };
		E10BDE712BAD4EF50089D240 /* Assets.xcassets in Resources */ = {isa = PBXBuildFile; fileRef = E10BDE702BAD4EF50089D240 /* Assets.xcassets */; };
		E10BDE742BAD4EF50089D240 /* Base in Resources */ = {isa = PBXBuildFile; fileRef = E10BDE732BAD4EF50089D240 /* Base */; };
		E10BDEC02BB1052A0089D240 /* AppComponent.swift in Sources */ = {isa = PBXBuildFile; fileRef = E10BDEBF2BB1052A0089D240 /* AppComponent.swift */; };
		E11852432BC44A8A00C07B8A /* Auth in Frameworks */ = {isa = PBXBuildFile; productRef = E11852422BC44A8A00C07B8A /* Auth */; };
		E11852452BC44A8D00C07B8A /* Feature in Frameworks */ = {isa = PBXBuildFile; productRef = E11852442BC44A8D00C07B8A /* Feature */; };
		E11852472BC44A8F00C07B8A /* FeatureImpl in Frameworks */ = {isa = PBXBuildFile; productRef = E11852462BC44A8F00C07B8A /* FeatureImpl */; };
		E11852492BC44AFF00C07B8A /* ProxyModule in Frameworks */ = {isa = PBXBuildFile; productRef = E11852482BC44AFF00C07B8A /* ProxyModule */; };
		E118524B2BC44D0700C07B8A /* AuthRepositories in Frameworks */ = {isa = PBXBuildFile; productRef = E118524A2BC44D0700C07B8A /* AuthRepositories */; };
		E118524D2BC44D0900C07B8A /* Domain in Frameworks */ = {isa = PBXBuildFile; productRef = E118524C2BC44D0900C07B8A /* Domain */; };
		E17C0D542BB2A56800F9829A /* GoogleService-Info.plist in Resources */ = {isa = PBXBuildFile; fileRef = E17C0D532BB2A56800F9829A /* GoogleService-Info.plist */; };
/* End PBXBuildFile section */

/* Begin PBXFileReference section */
		E10BDE642BAD4EF40089D240 /* HiveMind.app */ = {isa = PBXFileReference; explicitFileType = wrapper.application; includeInIndex = 0; path = HiveMind.app; sourceTree = BUILT_PRODUCTS_DIR; };
		E10BDE672BAD4EF40089D240 /* AppDelegate.swift */ = {isa = PBXFileReference; lastKnownFileType = sourcecode.swift; path = AppDelegate.swift; sourceTree = "<group>"; };
		E10BDE692BAD4EF40089D240 /* SceneDelegate.swift */ = {isa = PBXFileReference; lastKnownFileType = sourcecode.swift; path = SceneDelegate.swift; sourceTree = "<group>"; };
		E10BDE702BAD4EF50089D240 /* Assets.xcassets */ = {isa = PBXFileReference; lastKnownFileType = folder.assetcatalog; path = Assets.xcassets; sourceTree = "<group>"; };
		E10BDE732BAD4EF50089D240 /* Base */ = {isa = PBXFileReference; lastKnownFileType = file.storyboard; name = Base; path = Base.lproj/LaunchScreen.storyboard; sourceTree = "<group>"; };
		E10BDE752BAD4EF50089D240 /* Info.plist */ = {isa = PBXFileReference; lastKnownFileType = text.plist.xml; path = Info.plist; sourceTree = "<group>"; };
		E10BDEB52BAD68410089D240 /* Feature */ = {isa = PBXFileReference; lastKnownFileType = wrapper; name = Feature; path = ../Feature; sourceTree = "<group>"; };
		E10BDEBF2BB1052A0089D240 /* AppComponent.swift */ = {isa = PBXFileReference; lastKnownFileType = sourcecode.swift; path = AppComponent.swift; sourceTree = "<group>"; };
		E11576BE2BB2F351002346E8 /* Domain */ = {isa = PBXFileReference; lastKnownFileType = wrapper; name = Domain; path = ../Domain; sourceTree = "<group>"; };
		E126F96B2BB3013B00854AB0 /* HiveMind.entitlements */ = {isa = PBXFileReference; lastKnownFileType = text.plist.entitlements; path = HiveMind.entitlements; sourceTree = "<group>"; };
		E17C0D532BB2A56800F9829A /* GoogleService-Info.plist */ = {isa = PBXFileReference; fileEncoding = 4; lastKnownFileType = text.plist.xml; path = "GoogleService-Info.plist"; sourceTree = "<group>"; };
		E192872B2BC44DB7000B5281 /* DataAccess */ = {isa = PBXFileReference; lastKnownFileType = wrapper; name = DataAccess; path = ../DataAccess; sourceTree = "<group>"; };
		E1DF6B042BB2E1AD005686E3 /* ProxyModule */ = {isa = PBXFileReference; lastKnownFileType = wrapper; name = ProxyModule; path = ../ProxyModule; sourceTree = "<group>"; };
/* End PBXFileReference section */

/* Begin PBXFrameworksBuildPhase section */
		E10BDE612BAD4EF40089D240 /* Frameworks */ = {
			isa = PBXFrameworksBuildPhase;
			buildActionMask = 2147483647;
			files = (
				E118524D2BC44D0900C07B8A /* Domain in Frameworks */,
				E118524B2BC44D0700C07B8A /* AuthRepositories in Frameworks */,
				E11852432BC44A8A00C07B8A /* Auth in Frameworks */,
				E11852472BC44A8F00C07B8A /* FeatureImpl in Frameworks */,
				E11852452BC44A8D00C07B8A /* Feature in Frameworks */,
				E11852492BC44AFF00C07B8A /* ProxyModule in Frameworks */,
			);
			runOnlyForDeploymentPostprocessing = 0;
		};
/* End PBXFrameworksBuildPhase section */

/* Begin PBXGroup section */
		E10BDE5B2BAD4EF40089D240 = {
			isa = PBXGroup;
			children = (
				E192872B2BC44DB7000B5281 /* DataAccess */,
				E11576BE2BB2F351002346E8 /* Domain */,
				E1DF6B042BB2E1AD005686E3 /* ProxyModule */,
				E10BDEB52BAD68410089D240 /* Feature */,
				E10BDE662BAD4EF40089D240 /* HiveMind */,
				E10BDE652BAD4EF40089D240 /* Products */,
				E10BDEB62BAD6D590089D240 /* Frameworks */,
			);
			sourceTree = "<group>";
		};
		E10BDE652BAD4EF40089D240 /* Products */ = {
			isa = PBXGroup;
			children = (
				E10BDE642BAD4EF40089D240 /* HiveMind.app */,
			);
			name = Products;
			sourceTree = "<group>";
		};
		E10BDE662BAD4EF40089D240 /* HiveMind */ = {
			isa = PBXGroup;
			children = (
				E126F96B2BB3013B00854AB0 /* HiveMind.entitlements */,
				E11576BA2BB2ED14002346E8 /* Application */,
				E11576BB2BB2ED1C002346E8 /* Resources */,
			);
			path = HiveMind;
			sourceTree = "<group>";
		};
		E10BDEB62BAD6D590089D240 /* Frameworks */ = {
			isa = PBXGroup;
			children = (
			);
			name = Frameworks;
			sourceTree = "<group>";
		};
		E11576BA2BB2ED14002346E8 /* Application */ = {
			isa = PBXGroup;
			children = (
				E10BDE672BAD4EF40089D240 /* AppDelegate.swift */,
				E10BDE692BAD4EF40089D240 /* SceneDelegate.swift */,
				E10BDEBF2BB1052A0089D240 /* AppComponent.swift */,
			);
			path = Application;
			sourceTree = "<group>";
		};
		E11576BB2BB2ED1C002346E8 /* Resources */ = {
			isa = PBXGroup;
			children = (
				E10BDE702BAD4EF50089D240 /* Assets.xcassets */,
				E17C0D532BB2A56800F9829A /* GoogleService-Info.plist */,
				E10BDE722BAD4EF50089D240 /* LaunchScreen.storyboard */,
				E10BDE752BAD4EF50089D240 /* Info.plist */,
			);
			path = Resources;
			sourceTree = "<group>";
		};
/* End PBXGroup section */

/* Begin PBXNativeTarget section */
		E10BDE632BAD4EF40089D240 /* HiveMind */ = {
			isa = PBXNativeTarget;
			buildConfigurationList = E10BDE8E2BAD4EF50089D240 /* Build configuration list for PBXNativeTarget "HiveMind" */;
			buildPhases = (
				E10BDE602BAD4EF40089D240 /* Sources */,
				E10BDE612BAD4EF40089D240 /* Frameworks */,
				E10BDE622BAD4EF40089D240 /* Resources */,
			);
			buildRules = (
			);
			dependencies = (
			);
			name = HiveMind;
			packageProductDependencies = (
				E11852422BC44A8A00C07B8A /* Auth */,
				E11852442BC44A8D00C07B8A /* Feature */,
				E11852462BC44A8F00C07B8A /* FeatureImpl */,
				E11852482BC44AFF00C07B8A /* ProxyModule */,
				E118524A2BC44D0700C07B8A /* AuthRepositories */,
				E118524C2BC44D0900C07B8A /* Domain */,
			);
			productName = HiveMind;
			productReference = E10BDE642BAD4EF40089D240 /* HiveMind.app */;
			productType = "com.apple.product-type.application";
		};
/* End PBXNativeTarget section */

/* Begin PBXProject section */
		E10BDE5C2BAD4EF40089D240 /* Project object */ = {
			isa = PBXProject;
			attributes = {
				BuildIndependentTargetsInParallel = 1;
				LastSwiftUpdateCheck = 1530;
				LastUpgradeCheck = 1530;
				TargetAttributes = {
					E10BDE632BAD4EF40089D240 = {
						CreatedOnToolsVersion = 15.3;
					};
				};
			};
			buildConfigurationList = E10BDE5F2BAD4EF40089D240 /* Build configuration list for PBXProject "HiveMind" */;
			compatibilityVersion = "Xcode 14.0";
			developmentRegion = en;
			hasScannedForEncodings = 0;
			knownRegions = (
				en,
				Base,
			);
			mainGroup = E10BDE5B2BAD4EF40089D240;
			packageReferences = (
			);
			productRefGroup = E10BDE652BAD4EF40089D240 /* Products */;
			projectDirPath = "";
			projectRoot = "";
			targets = (
				E10BDE632BAD4EF40089D240 /* HiveMind */,
			);
		};
/* End PBXProject section */

/* Begin PBXResourcesBuildPhase section */
		E10BDE622BAD4EF40089D240 /* Resources */ = {
			isa = PBXResourcesBuildPhase;
			buildActionMask = 2147483647;
			files = (
				E10BDE712BAD4EF50089D240 /* Assets.xcassets in Resources */,
				E10BDE742BAD4EF50089D240 /* Base in Resources */,
				E17C0D542BB2A56800F9829A /* GoogleService-Info.plist in Resources */,
			);
			runOnlyForDeploymentPostprocessing = 0;
		};
/* End PBXResourcesBuildPhase section */

/* Begin PBXSourcesBuildPhase section */
		E10BDE602BAD4EF40089D240 /* Sources */ = {
			isa = PBXSourcesBuildPhase;
			buildActionMask = 2147483647;
			files = (
				E10BDEC02BB1052A0089D240 /* AppComponent.swift in Sources */,
				E10BDE682BAD4EF40089D240 /* AppDelegate.swift in Sources */,
				E10BDE6A2BAD4EF40089D240 /* SceneDelegate.swift in Sources */,
			);
			runOnlyForDeploymentPostprocessing = 0;
		};
/* End PBXSourcesBuildPhase section */

/* Begin PBXVariantGroup section */
		E10BDE722BAD4EF50089D240 /* LaunchScreen.storyboard */ = {
			isa = PBXVariantGroup;
			children = (
				E10BDE732BAD4EF50089D240 /* Base */,
			);
			name = LaunchScreen.storyboard;
			sourceTree = "<group>";
		};
/* End PBXVariantGroup section */

/* Begin XCBuildConfiguration section */
		E10BDE8C2BAD4EF50089D240 /* Debug */ = {
			isa = XCBuildConfiguration;
			buildSettings = {
				ALWAYS_SEARCH_USER_PATHS = NO;
				ASSETCATALOG_COMPILER_GENERATE_SWIFT_ASSET_SYMBOL_EXTENSIONS = YES;
				CLANG_ANALYZER_NONNULL = YES;
				CLANG_ANALYZER_NUMBER_OBJECT_CONVERSION = YES_AGGRESSIVE;
				CLANG_CXX_LANGUAGE_STANDARD = "gnu++20";
				CLANG_ENABLE_MODULES = YES;
				CLANG_ENABLE_OBJC_ARC = YES;
				CLANG_ENABLE_OBJC_WEAK = YES;
				CLANG_WARN_BLOCK_CAPTURE_AUTORELEASING = YES;
				CLANG_WARN_BOOL_CONVERSION = YES;
				CLANG_WARN_COMMA = YES;
				CLANG_WARN_CONSTANT_CONVERSION = YES;
				CLANG_WARN_DEPRECATED_OBJC_IMPLEMENTATIONS = YES;
				CLANG_WARN_DIRECT_OBJC_ISA_USAGE = YES_ERROR;
				CLANG_WARN_DOCUMENTATION_COMMENTS = YES;
				CLANG_WARN_EMPTY_BODY = YES;
				CLANG_WARN_ENUM_CONVERSION = YES;
				CLANG_WARN_INFINITE_RECURSION = YES;
				CLANG_WARN_INT_CONVERSION = YES;
				CLANG_WARN_NON_LITERAL_NULL_CONVERSION = YES;
				CLANG_WARN_OBJC_IMPLICIT_RETAIN_SELF = YES;
				CLANG_WARN_OBJC_LITERAL_CONVERSION = YES;
				CLANG_WARN_OBJC_ROOT_CLASS = YES_ERROR;
				CLANG_WARN_QUOTED_INCLUDE_IN_FRAMEWORK_HEADER = YES;
				CLANG_WARN_RANGE_LOOP_ANALYSIS = YES;
				CLANG_WARN_STRICT_PROTOTYPES = YES;
				CLANG_WARN_SUSPICIOUS_MOVE = YES;
				CLANG_WARN_UNGUARDED_AVAILABILITY = YES_AGGRESSIVE;
				CLANG_WARN_UNREACHABLE_CODE = YES;
				CLANG_WARN__DUPLICATE_METHOD_MATCH = YES;
				COPY_PHASE_STRIP = NO;
				DEBUG_INFORMATION_FORMAT = dwarf;
				ENABLE_STRICT_OBJC_MSGSEND = YES;
				ENABLE_TESTABILITY = YES;
				ENABLE_USER_SCRIPT_SANDBOXING = YES;
				GCC_C_LANGUAGE_STANDARD = gnu17;
				GCC_DYNAMIC_NO_PIC = NO;
				GCC_NO_COMMON_BLOCKS = YES;
				GCC_OPTIMIZATION_LEVEL = 0;
				GCC_PREPROCESSOR_DEFINITIONS = (
					"DEBUG=1",
					"$(inherited)",
				);
				GCC_WARN_64_TO_32_BIT_CONVERSION = YES;
				GCC_WARN_ABOUT_RETURN_TYPE = YES_ERROR;
				GCC_WARN_UNDECLARED_SELECTOR = YES;
				GCC_WARN_UNINITIALIZED_AUTOS = YES_AGGRESSIVE;
				GCC_WARN_UNUSED_FUNCTION = YES;
				GCC_WARN_UNUSED_VARIABLE = YES;
				IPHONEOS_DEPLOYMENT_TARGET = 16.0;
				LOCALIZATION_PREFERS_STRING_CATALOGS = YES;
				MTL_ENABLE_DEBUG_INFO = INCLUDE_SOURCE;
				MTL_FAST_MATH = YES;
				ONLY_ACTIVE_ARCH = YES;
				SDKROOT = iphoneos;
				SWIFT_ACTIVE_COMPILATION_CONDITIONS = "DEBUG $(inherited)";
				SWIFT_OPTIMIZATION_LEVEL = "-Onone";
			};
			name = Debug;
		};
		E10BDE8D2BAD4EF50089D240 /* Release */ = {
			isa = XCBuildConfiguration;
			buildSettings = {
				ALWAYS_SEARCH_USER_PATHS = NO;
				ASSETCATALOG_COMPILER_GENERATE_SWIFT_ASSET_SYMBOL_EXTENSIONS = YES;
				CLANG_ANALYZER_NONNULL = YES;
				CLANG_ANALYZER_NUMBER_OBJECT_CONVERSION = YES_AGGRESSIVE;
				CLANG_CXX_LANGUAGE_STANDARD = "gnu++20";
				CLANG_ENABLE_MODULES = YES;
				CLANG_ENABLE_OBJC_ARC = YES;
				CLANG_ENABLE_OBJC_WEAK = YES;
				CLANG_WARN_BLOCK_CAPTURE_AUTORELEASING = YES;
				CLANG_WARN_BOOL_CONVERSION = YES;
				CLANG_WARN_COMMA = YES;
				CLANG_WARN_CONSTANT_CONVERSION = YES;
				CLANG_WARN_DEPRECATED_OBJC_IMPLEMENTATIONS = YES;
				CLANG_WARN_DIRECT_OBJC_ISA_USAGE = YES_ERROR;
				CLANG_WARN_DOCUMENTATION_COMMENTS = YES;
				CLANG_WARN_EMPTY_BODY = YES;
				CLANG_WARN_ENUM_CONVERSION = YES;
				CLANG_WARN_INFINITE_RECURSION = YES;
				CLANG_WARN_INT_CONVERSION = YES;
				CLANG_WARN_NON_LITERAL_NULL_CONVERSION = YES;
				CLANG_WARN_OBJC_IMPLICIT_RETAIN_SELF = YES;
				CLANG_WARN_OBJC_LITERAL_CONVERSION = YES;
				CLANG_WARN_OBJC_ROOT_CLASS = YES_ERROR;
				CLANG_WARN_QUOTED_INCLUDE_IN_FRAMEWORK_HEADER = YES;
				CLANG_WARN_RANGE_LOOP_ANALYSIS = YES;
				CLANG_WARN_STRICT_PROTOTYPES = YES;
				CLANG_WARN_SUSPICIOUS_MOVE = YES;
				CLANG_WARN_UNGUARDED_AVAILABILITY = YES_AGGRESSIVE;
				CLANG_WARN_UNREACHABLE_CODE = YES;
				CLANG_WARN__DUPLICATE_METHOD_MATCH = YES;
				COPY_PHASE_STRIP = NO;
				DEBUG_INFORMATION_FORMAT = "dwarf-with-dsym";
				ENABLE_NS_ASSERTIONS = NO;
				ENABLE_STRICT_OBJC_MSGSEND = YES;
				ENABLE_USER_SCRIPT_SANDBOXING = YES;
				GCC_C_LANGUAGE_STANDARD = gnu17;
				GCC_NO_COMMON_BLOCKS = YES;
				GCC_WARN_64_TO_32_BIT_CONVERSION = YES;
				GCC_WARN_ABOUT_RETURN_TYPE = YES_ERROR;
				GCC_WARN_UNDECLARED_SELECTOR = YES;
				GCC_WARN_UNINITIALIZED_AUTOS = YES_AGGRESSIVE;
				GCC_WARN_UNUSED_FUNCTION = YES;
				GCC_WARN_UNUSED_VARIABLE = YES;
				IPHONEOS_DEPLOYMENT_TARGET = 16.0;
				LOCALIZATION_PREFERS_STRING_CATALOGS = YES;
				MTL_ENABLE_DEBUG_INFO = NO;
				MTL_FAST_MATH = YES;
				SDKROOT = iphoneos;
				SWIFT_COMPILATION_MODE = wholemodule;
				VALIDATE_PRODUCT = YES;
			};
			name = Release;
		};
		E10BDE8F2BAD4EF50089D240 /* Debug */ = {
			isa = XCBuildConfiguration;
			buildSettings = {
				ASSETCATALOG_COMPILER_APPICON_NAME = AppIcon;
				ASSETCATALOG_COMPILER_GLOBAL_ACCENT_COLOR_NAME = AccentColor;
				CODE_SIGN_ENTITLEMENTS = HiveMind/HiveMind.entitlements;
				CODE_SIGN_STYLE = Automatic;
				CURRENT_PROJECT_VERSION = 1;
				DEVELOPMENT_TEAM = 5KZ5C4UW39;
				GENERATE_INFOPLIST_FILE = YES;
				INFOPLIST_FILE = HiveMind/Resources/Info.plist;
				INFOPLIST_KEY_CFBundleDisplayName = HiveMind;
				INFOPLIST_KEY_LSApplicationCategoryType = "public.app-category.social-networking";
				INFOPLIST_KEY_UIApplicationSupportsIndirectInputEvents = YES;
				INFOPLIST_KEY_UILaunchStoryboardName = LaunchScreen;
				INFOPLIST_KEY_UISupportedInterfaceOrientations_iPad = "UIInterfaceOrientationPortrait UIInterfaceOrientationPortraitUpsideDown UIInterfaceOrientationLandscapeLeft UIInterfaceOrientationLandscapeRight";
				INFOPLIST_KEY_UISupportedInterfaceOrientations_iPhone = "UIInterfaceOrientationPortrait UIInterfaceOrientationLandscapeLeft UIInterfaceOrientationLandscapeRight";
				IPHONEOS_DEPLOYMENT_TARGET = 16.0;
				LD_RUNPATH_SEARCH_PATHS = (
					"$(inherited)",
					"@executable_path/Frameworks",
				);
				MARKETING_VERSION = 1.0;
				PRODUCT_BUNDLE_IDENTIFIER = com.jy.HiveMind;
				PRODUCT_NAME = "$(TARGET_NAME)";
				SWIFT_EMIT_LOC_STRINGS = YES;
				SWIFT_VERSION = 5.0;
				TARGETED_DEVICE_FAMILY = "1,2";
			};
			name = Debug;
		};
		E10BDE902BAD4EF50089D240 /* Release */ = {
			isa = XCBuildConfiguration;
			buildSettings = {
				ASSETCATALOG_COMPILER_APPICON_NAME = AppIcon;
				ASSETCATALOG_COMPILER_GLOBAL_ACCENT_COLOR_NAME = AccentColor;
				CODE_SIGN_ENTITLEMENTS = HiveMind/HiveMind.entitlements;
				CODE_SIGN_STYLE = Automatic;
				CURRENT_PROJECT_VERSION = 1;
				DEVELOPMENT_TEAM = 5KZ5C4UW39;
				GENERATE_INFOPLIST_FILE = YES;
				INFOPLIST_FILE = HiveMind/Resources/Info.plist;
				INFOPLIST_KEY_CFBundleDisplayName = HiveMind;
				INFOPLIST_KEY_LSApplicationCategoryType = "public.app-category.social-networking";
				INFOPLIST_KEY_UIApplicationSupportsIndirectInputEvents = YES;
				INFOPLIST_KEY_UILaunchStoryboardName = LaunchScreen;
				INFOPLIST_KEY_UISupportedInterfaceOrientations_iPad = "UIInterfaceOrientationPortrait UIInterfaceOrientationPortraitUpsideDown UIInterfaceOrientationLandscapeLeft UIInterfaceOrientationLandscapeRight";
				INFOPLIST_KEY_UISupportedInterfaceOrientations_iPhone = "UIInterfaceOrientationPortrait UIInterfaceOrientationLandscapeLeft UIInterfaceOrientationLandscapeRight";
				IPHONEOS_DEPLOYMENT_TARGET = 16.0;
				LD_RUNPATH_SEARCH_PATHS = (
					"$(inherited)",
					"@executable_path/Frameworks",
				);
				MARKETING_VERSION = 1.0;
				PRODUCT_BUNDLE_IDENTIFIER = com.jy.HiveMind;
				PRODUCT_NAME = "$(TARGET_NAME)";
				SWIFT_EMIT_LOC_STRINGS = YES;
				SWIFT_VERSION = 5.0;
				TARGETED_DEVICE_FAMILY = "1,2";
			};
			name = Release;
		};
/* End XCBuildConfiguration section */

/* Begin XCConfigurationList section */
		E10BDE5F2BAD4EF40089D240 /* Build configuration list for PBXProject "HiveMind" */ = {
			isa = XCConfigurationList;
			buildConfigurations = (
				E10BDE8C2BAD4EF50089D240 /* Debug */,
				E10BDE8D2BAD4EF50089D240 /* Release */,
			);
			defaultConfigurationIsVisible = 0;
			defaultConfigurationName = Release;
		};
		E10BDE8E2BAD4EF50089D240 /* Build configuration list for PBXNativeTarget "HiveMind" */ = {
			isa = XCConfigurationList;
			buildConfigurations = (
				E10BDE8F2BAD4EF50089D240 /* Debug */,
				E10BDE902BAD4EF50089D240 /* Release */,
			);
			defaultConfigurationIsVisible = 0;
			defaultConfigurationName = Release;
		};
/* End XCConfigurationList section */

/* Begin XCSwiftPackageProductDependency section */
		E11852422BC44A8A00C07B8A /* Auth */ = {
			isa = XCSwiftPackageProductDependency;
			productName = Auth;
		};
		E11852442BC44A8D00C07B8A /* Feature */ = {
			isa = XCSwiftPackageProductDependency;
			productName = Feature;
		};
		E11852462BC44A8F00C07B8A /* FeatureImpl */ = {
			isa = XCSwiftPackageProductDependency;
			productName = FeatureImpl;
		};
		E11852482BC44AFF00C07B8A /* ProxyModule */ = {
			isa = XCSwiftPackageProductDependency;
			productName = ProxyModule;
		};
		E118524A2BC44D0700C07B8A /* AuthRepositories */ = {
			isa = XCSwiftPackageProductDependency;
			productName = AuthRepositories;
		};
		E118524C2BC44D0900C07B8A /* Domain */ = {
			isa = XCSwiftPackageProductDependency;
			productName = Domain;
		};
/* End XCSwiftPackageProductDependency section */
	};
	rootObject = E10BDE5C2BAD4EF40089D240 /* Project object */;
}
